// !$*UTF8*$!
{
	archiveVersion = 1;
	classes = {
	};
	objectVersion = 77;
	objects = {

/* Begin PBXBuildFile section */
		E630178D2E81DAFE00893AEC /* HaishinKit in Frameworks */ = {isa = PBXBuildFile; productRef = E630178C2E81DAFE00893AEC /* HaishinKit */; };
		E630178F2E81DAFE00893AEC /* MoQTHaishinKit in Frameworks */ = {isa = PBXBuildFile; productRef = E630178E2E81DAFE00893AEC /* MoQTHaishinKit */; };
		E63017912E81DAFE00893AEC /* RTCHaishinKit in Frameworks */ = {isa = PBXBuildFile; productRef = E63017902E81DAFE00893AEC /* RTCHaishinKit */; };
		E63017932E81DAFE00893AEC /* RTMPHaishinKit in Frameworks */ = {isa = PBXBuildFile; productRef = E63017922E81DAFE00893AEC /* RTMPHaishinKit */; };
		E63017952E81DAFE00893AEC /* SRTHaishinKit in Frameworks */ = {isa = PBXBuildFile; productRef = E63017942E81DAFE00893AEC /* SRTHaishinKit */; };
		E63017DD2E83098600893AEC /* ReplayKit.framework in Frameworks */ = {isa = PBXBuildFile; fileRef = E63017DC2E83098600893AEC /* ReplayKit.framework */; };
		E63017F32E83098600893AEC /* Screencast.appex in Embed Foundation Extensions */ = {isa = PBXBuildFile; fileRef = E63017DA2E83098600893AEC /* Screencast.appex */; settings = {ATTRIBUTES = (RemoveHeadersOnCopy, ); }; };
/* End PBXBuildFile section */

/* Begin PBXContainerItemProxy section */
		E63017F12E83098600893AEC /* PBXContainerItemProxy */ = {
			isa = PBXContainerItemProxy;
			containerPortal = E6E6681E2E45844A00FC8300 /* Project object */;
			proxyType = 1;
			remoteGlobalIDString = E63017D92E83098600893AEC;
			remoteInfo = Screencast;
		};
/* End PBXContainerItemProxy section */

/* Begin PBXCopyFilesBuildPhase section */
		E63017FC2E83098600893AEC /* Embed Foundation Extensions */ = {
			isa = PBXCopyFilesBuildPhase;
			buildActionMask = 2147483647;
			dstPath = "";
			dstSubfolderSpec = 13;
			files = (
				E63017F32E83098600893AEC /* Screencast.appex in Embed Foundation Extensions */,
			);
			name = "Embed Foundation Extensions";
			runOnlyForDeploymentPostprocessing = 0;
		};
/* End PBXCopyFilesBuildPhase section */

/* Begin PBXFileReference section */
		E63017DA2E83098600893AEC /* Screencast.appex */ = {isa = PBXFileReference; explicitFileType = "wrapper.app-extension"; includeInIndex = 0; path = Screencast.appex; sourceTree = BUILT_PRODUCTS_DIR; };
		E63017DC2E83098600893AEC /* ReplayKit.framework */ = {isa = PBXFileReference; lastKnownFileType = wrapper.framework; name = ReplayKit.framework; path = System/Library/Frameworks/ReplayKit.framework; sourceTree = SDKROOT; };
		E63017E82E83098600893AEC /* UIKit.framework */ = {isa = PBXFileReference; lastKnownFileType = wrapper.framework; name = UIKit.framework; path = Library/Frameworks/UIKit.framework; sourceTree = DEVELOPER_DIR; };
		E6E668262E45844A00FC8300 /* HelgeCloudflare.app */ = {isa = PBXFileReference; explicitFileType = wrapper.application; includeInIndex = 0; path = HelgeCloudflare.app; sourceTree = BUILT_PRODUCTS_DIR; };
/* End PBXFileReference section */

/* Begin PBXFileSystemSynchronizedBuildFileExceptionSet section */
		E63017F42E83098600893AEC /* Exceptions for "Screencast" folder in "Screencast" target */ = {
			isa = PBXFileSystemSynchronizedBuildFileExceptionSet;
			membershipExceptions = (
				Info.plist,
			);
			target = E63017D92E83098600893AEC /* Screencast */;
		};
/* End PBXFileSystemSynchronizedBuildFileExceptionSet section */

/* Begin PBXFileSystemSynchronizedRootGroup section */
		E63017DE2E83098600893AEC /* Screencast */ = {
			isa = PBXFileSystemSynchronizedRootGroup;
			exceptions = (
				E63017F42E83098600893AEC /* Exceptions for "Screencast" folder in "Screencast" target */,
			);
			path = Screencast;
			sourceTree = "<group>";
		};
		E63017EA2E83098600893AEC /* ScreencastSetupUI */ = {
			isa = PBXFileSystemSynchronizedRootGroup;
			path = ScreencastSetupUI;
			sourceTree = "<group>";
		};
		E6E668282E45844A00FC8300 /* HelgeCloudflare */ = {
			isa = PBXFileSystemSynchronizedRootGroup;
			path = HelgeCloudflare;
			sourceTree = "<group>";
		};
/* End PBXFileSystemSynchronizedRootGroup section */

/* Begin PBXFrameworksBuildPhase section */
		E63017D72E83098600893AEC /* Frameworks */ = {
			isa = PBXFrameworksBuildPhase;
			buildActionMask = 2147483647;
			files = (
				E63017DD2E83098600893AEC /* ReplayKit.framework in Frameworks */,
			);
			runOnlyForDeploymentPostprocessing = 0;
		};
		E6E668232E45844A00FC8300 /* Frameworks */ = {
			isa = PBXFrameworksBuildPhase;
			buildActionMask = 2147483647;
			files = (
				E630178D2E81DAFE00893AEC /* HaishinKit in Frameworks */,
				E63017952E81DAFE00893AEC /* SRTHaishinKit in Frameworks */,
				E63017932E81DAFE00893AEC /* RTMPHaishinKit in Frameworks */,
				E63017912E81DAFE00893AEC /* RTCHaishinKit in Frameworks */,
				E630178F2E81DAFE00893AEC /* MoQTHaishinKit in Frameworks */,
			);
			runOnlyForDeploymentPostprocessing = 0;
		};
/* End PBXFrameworksBuildPhase section */

/* Begin PBXGroup section */
		E63017DB2E83098600893AEC /* Frameworks */ = {
			isa = PBXGroup;
			children = (
				E63017DC2E83098600893AEC /* ReplayKit.framework */,
				E63017E82E83098600893AEC /* UIKit.framework */,
			);
			name = Frameworks;
			sourceTree = "<group>";
		};
		E6E6681D2E45844A00FC8300 = {
			isa = PBXGroup;
			children = (
				E6E668282E45844A00FC8300 /* HelgeCloudflare */,
				E63017DE2E83098600893AEC /* Screencast */,
				E63017EA2E83098600893AEC /* ScreencastSetupUI */,
				E63017DB2E83098600893AEC /* Frameworks */,
				E6E668272E45844A00FC8300 /* Products */,
			);
			sourceTree = "<group>";
		};
		E6E668272E45844A00FC8300 /* Products */ = {
			isa = PBXGroup;
			children = (
				E6E668262E45844A00FC8300 /* HelgeCloudflare.app */,
				E63017DA2E83098600893AEC /* Screencast.appex */,
			);
			name = Products;
			sourceTree = "<group>";
		};
/* End PBXGroup section */

/* Begin PBXNativeTarget section */
		E63017D92E83098600893AEC /* Screencast */ = {
			isa = PBXNativeTarget;
			buildConfigurationList = E63017F52E83098600893AEC /* Build configuration list for PBXNativeTarget "Screencast" */;
			buildPhases = (
				E63017D62E83098600893AEC /* Sources */,
				E63017D72E83098600893AEC /* Frameworks */,
				E63017D82E83098600893AEC /* Resources */,
			);
			buildRules = (
			);
			dependencies = (
			);
			fileSystemSynchronizedGroups = (
				E63017DE2E83098600893AEC /* Screencast */,
			);
			name = Screencast;
			packageProductDependencies = (
			);
			productName = Screencast;
			productReference = E63017DA2E83098600893AEC /* Screencast.appex */;
			productType = "com.apple.product-type.app-extension";
		};
		E6E668252E45844A00FC8300 /* HelgeCloudflare */ = {
			isa = PBXNativeTarget;
			buildConfigurationList = E6E668322E45844B00FC8300 /* Build configuration list for PBXNativeTarget "HelgeCloudflare" */;
			buildPhases = (
				E6E668222E45844A00FC8300 /* Sources */,
				E6E668232E45844A00FC8300 /* Frameworks */,
				E6E668242E45844A00FC8300 /* Resources */,
				E63017FC2E83098600893AEC /* Embed Foundation Extensions */,
			);
			buildRules = (
			);
			dependencies = (
				E63017F22E83098600893AEC /* PBXTargetDependency */,
			);
			fileSystemSynchronizedGroups = (
				E6E668282E45844A00FC8300 /* HelgeCloudflare */,
			);
			name = HelgeCloudflare;
			packageProductDependencies = (
				E630178C2E81DAFE00893AEC /* HaishinKit */,
				E630178E2E81DAFE00893AEC /* MoQTHaishinKit */,
				E63017902E81DAFE00893AEC /* RTCHaishinKit */,
				E63017922E81DAFE00893AEC /* RTMPHaishinKit */,
				E63017942E81DAFE00893AEC /* SRTHaishinKit */,
			);
			productName = "Default SwiftUI App";
			productReference = E6E668262E45844A00FC8300 /* HelgeCloudflare.app */;
			productType = "com.apple.product-type.application";
		};
/* End PBXNativeTarget section */

/* Begin PBXProject section */
		E6E6681E2E45844A00FC8300 /* Project object */ = {
			isa = PBXProject;
			attributes = {
				BuildIndependentTargetsInParallel = 1;
				LastSwiftUpdateCheck = 1640;
				LastUpgradeCheck = 1640;
				TargetAttributes = {
					E63017D92E83098600893AEC = {
						CreatedOnToolsVersion = 16.4;
					};
					E6E668252E45844A00FC8300 = {
						CreatedOnToolsVersion = 16.3;
					};
				};
			};
			buildConfigurationList = E6E668212E45844A00FC8300 /* Build configuration list for PBXProject "HelgeCloudflare" */;
			developmentRegion = en;
			hasScannedForEncodings = 0;
			knownRegions = (
				en,
				Base,
			);
			mainGroup = E6E6681D2E45844A00FC8300;
			minimizedProjectReferenceProxies = 1;
			packageReferences = (
				E630178B2E81DAFE00893AEC /* XCRemoteSwiftPackageReference "HaishinKit.swift" */,
			);
			preferredProjectObjectVersion = 77;
			productRefGroup = E6E668272E45844A00FC8300 /* Products */;
			projectDirPath = "";
			projectRoot = "";
			targets = (
				E6E668252E45844A00FC8300 /* HelgeCloudflare */,
				E63017D92E83098600893AEC /* Screencast */,
			);
		};
/* End PBXProject section */

/* Begin PBXResourcesBuildPhase section */
		E63017D82E83098600893AEC /* Resources */ = {
			isa = PBXResourcesBuildPhase;
			buildActionMask = 2147483647;
			files = (
			);
			runOnlyForDeploymentPostprocessing = 0;
		};
		E6E668242E45844A00FC8300 /* Resources */ = {
			isa = PBXResourcesBuildPhase;
			buildActionMask = 2147483647;
			files = (
			);
			runOnlyForDeploymentPostprocessing = 0;
		};
/* End PBXResourcesBuildPhase section */

/* Begin PBXSourcesBuildPhase section */
		E63017D62E83098600893AEC /* Sources */ = {
			isa = PBXSourcesBuildPhase;
			buildActionMask = 2147483647;
			files = (
			);
			runOnlyForDeploymentPostprocessing = 0;
		};
		E6E668222E45844A00FC8300 /* Sources */ = {
			isa = PBXSourcesBuildPhase;
			buildActionMask = 2147483647;
			files = (
			);
			runOnlyForDeploymentPostprocessing = 0;
		};
/* End PBXSourcesBuildPhase section */

/* Begin PBXTargetDependency section */
		E63017F22E83098600893AEC /* PBXTargetDependency */ = {
			isa = PBXTargetDependency;
			target = E63017D92E83098600893AEC /* Screencast */;
			targetProxy = E63017F12E83098600893AEC /* PBXContainerItemProxy */;
		};
/* End PBXTargetDependency section */

/* Begin XCBuildConfiguration section */
		E63017F62E83098600893AEC /* Debug */ = {
			isa = XCBuildConfiguration;
			buildSettings = {
				CODE_SIGN_STYLE = Automatic;
				CURRENT_PROJECT_VERSION = 1;
				DEVELOPMENT_TEAM = VY9FRH555S;
				GENERATE_INFOPLIST_FILE = YES;
				INFOPLIST_FILE = Screencast/Info.plist;
				INFOPLIST_KEY_CFBundleDisplayName = Screencast;
				INFOPLIST_KEY_NSHumanReadableCopyright = "";
				IPHONEOS_DEPLOYMENT_TARGET = 18.5;
				LD_RUNPATH_SEARCH_PATHS = (
					"$(inherited)",
					"@executable_path/Frameworks",
					"@executable_path/../../Frameworks",
				);
				MARKETING_VERSION = 1.0;
				PRODUCT_BUNDLE_IDENTIFIER = com.ryan.helgecloudflare.Screencast;
				PRODUCT_NAME = "$(TARGET_NAME)";
				SDKROOT = iphoneos;
				SKIP_INSTALL = YES;
				SWIFT_EMIT_LOC_STRINGS = YES;
				SWIFT_VERSION = 5.0;
				TARGETED_DEVICE_FAMILY = "1,2";
			};
			name = Debug;
		};
		E63017F72E83098600893AEC /* Release */ = {
			isa = XCBuildConfiguration;
			buildSettings = {
				CODE_SIGN_STYLE = Automatic;
				CURRENT_PROJECT_VERSION = 1;
				DEVELOPMENT_TEAM = VY9FRH555S;
				GENERATE_INFOPLIST_FILE = YES;
				INFOPLIST_FILE = Screencast/Info.plist;
				INFOPLIST_KEY_CFBundleDisplayName = Screencast;
				INFOPLIST_KEY_NSHumanReadableCopyright = "";
				IPHONEOS_DEPLOYMENT_TARGET = 18.5;
				LD_RUNPATH_SEARCH_PATHS = (
					"$(inherited)",
					"@executable_path/Frameworks",
					"@executable_path/../../Frameworks",
				);
				MARKETING_VERSION = 1.0;
				PRODUCT_BUNDLE_IDENTIFIER = com.ryan.helgecloudflare.Screencast;
				PRODUCT_NAME = "$(TARGET_NAME)";
				SDKROOT = iphoneos;
				SKIP_INSTALL = YES;
				SWIFT_EMIT_LOC_STRINGS = YES;
				SWIFT_VERSION = 5.0;
				TARGETED_DEVICE_FAMILY = "1,2";
				VALIDATE_PRODUCT = YES;
			};
			name = Release;
		};
		E6E668302E45844B00FC8300 /* Debug */ = {
			isa = XCBuildConfiguration;
			buildSettings = {
				ALWAYS_SEARCH_USER_PATHS = NO;
				ASSETCATALOG_COMPILER_GENERATE_SWIFT_ASSET_SYMBOL_EXTENSIONS = YES;
				CLANG_ANALYZER_NONNULL = YES;
				CLANG_ANALYZER_NUMBER_OBJECT_CONVERSION = YES_AGGRESSIVE;
				CLANG_CXX_LANGUAGE_STANDARD = "gnu++20";
				CLANG_ENABLE_MODULES = YES;
				CLANG_ENABLE_OBJC_ARC = YES;
				CLANG_ENABLE_OBJC_WEAK = YES;
				CLANG_WARN_BLOCK_CAPTURE_AUTORELEASING = YES;
				CLANG_WARN_BOOL_CONVERSION = YES;
				CLANG_WARN_COMMA = YES;
				CLANG_WARN_CONSTANT_CONVERSION = YES;
				CLANG_WARN_DEPRECATED_OBJC_IMPLEMENTATIONS = YES;
				CLANG_WARN_DIRECT_OBJC_ISA_USAGE = YES_ERROR;
				CLANG_WARN_DOCUMENTATION_COMMENTS = YES;
				CLANG_WARN_EMPTY_BODY = YES;
				CLANG_WARN_ENUM_CONVERSION = YES;
				CLANG_WARN_INFINITE_RECURSION = YES;
				CLANG_WARN_INT_CONVERSION = YES;
				CLANG_WARN_NON_LITERAL_NULL_CONVERSION = YES;
				CLANG_WARN_OBJC_IMPLICIT_RETAIN_SELF = YES;
				CLANG_WARN_OBJC_LITERAL_CONVERSION = YES;
				CLANG_WARN_OBJC_ROOT_CLASS = YES_ERROR;
				CLANG_WARN_QUOTED_INCLUDE_IN_FRAMEWORK_HEADER = YES;
				CLANG_WARN_RANGE_LOOP_ANALYSIS = YES;
				CLANG_WARN_STRICT_PROTOTYPES = YES;
				CLANG_WARN_SUSPICIOUS_MOVE = YES;
				CLANG_WARN_UNGUARDED_AVAILABILITY = YES_AGGRESSIVE;
				CLANG_WARN_UNREACHABLE_CODE = YES;
				CLANG_WARN__DUPLICATE_METHOD_MATCH = YES;
				COPY_PHASE_STRIP = NO;
				DEAD_CODE_STRIPPING = YES;
				DEBUG_INFORMATION_FORMAT = dwarf;
				DEVELOPMENT_TEAM = 37FLDZPZT6;
				ENABLE_STRICT_OBJC_MSGSEND = YES;
				ENABLE_TESTABILITY = YES;
				ENABLE_USER_SCRIPT_SANDBOXING = YES;
				GCC_C_LANGUAGE_STANDARD = gnu17;
				GCC_DYNAMIC_NO_PIC = NO;
				GCC_NO_COMMON_BLOCKS = YES;
				GCC_OPTIMIZATION_LEVEL = 0;
				GCC_PREPROCESSOR_DEFINITIONS = (
					"DEBUG=1",
					"$(inherited)",
				);
				GCC_WARN_64_TO_32_BIT_CONVERSION = YES;
				GCC_WARN_ABOUT_RETURN_TYPE = YES_ERROR;
				GCC_WARN_UNDECLARED_SELECTOR = YES;
				GCC_WARN_UNINITIALIZED_AUTOS = YES_AGGRESSIVE;
				GCC_WARN_UNUSED_FUNCTION = YES;
				GCC_WARN_UNUSED_VARIABLE = YES;
				LOCALIZATION_PREFERS_STRING_CATALOGS = YES;
				MTL_ENABLE_DEBUG_INFO = INCLUDE_SOURCE;
				MTL_FAST_MATH = YES;
				ONLY_ACTIVE_ARCH = YES;
				SWIFT_ACTIVE_COMPILATION_CONDITIONS = "DEBUG $(inherited)";
				SWIFT_OPTIMIZATION_LEVEL = "-Onone";
			};
			name = Debug;
		};
		E6E668312E45844B00FC8300 /* Release */ = {
			isa = XCBuildConfiguration;
			buildSettings = {
				ALWAYS_SEARCH_USER_PATHS = NO;
				ASSETCATALOG_COMPILER_GENERATE_SWIFT_ASSET_SYMBOL_EXTENSIONS = YES;
				CLANG_ANALYZER_NONNULL = YES;
				CLANG_ANALYZER_NUMBER_OBJECT_CONVERSION = YES_AGGRESSIVE;
				CLANG_CXX_LANGUAGE_STANDARD = "gnu++20";
				CLANG_ENABLE_MODULES = YES;
				CLANG_ENABLE_OBJC_ARC = YES;
				CLANG_ENABLE_OBJC_WEAK = YES;
				CLANG_WARN_BLOCK_CAPTURE_AUTORELEASING = YES;
				CLANG_WARN_BOOL_CONVERSION = YES;
				CLANG_WARN_COMMA = YES;
				CLANG_WARN_CONSTANT_CONVERSION = YES;
				CLANG_WARN_DEPRECATED_OBJC_IMPLEMENTATIONS = YES;
				CLANG_WARN_DIRECT_OBJC_ISA_USAGE = YES_ERROR;
				CLANG_WARN_DOCUMENTATION_COMMENTS = YES;
				CLANG_WARN_EMPTY_BODY = YES;
				CLANG_WARN_ENUM_CONVERSION = YES;
				CLANG_WARN_INFINITE_RECURSION = YES;
				CLANG_WARN_INT_CONVERSION = YES;
				CLANG_WARN_NON_LITERAL_NULL_CONVERSION = YES;
				CLANG_WARN_OBJC_IMPLICIT_RETAIN_SELF = YES;
				CLANG_WARN_OBJC_LITERAL_CONVERSION = YES;
				CLANG_WARN_OBJC_ROOT_CLASS = YES_ERROR;
				CLANG_WARN_QUOTED_INCLUDE_IN_FRAMEWORK_HEADER = YES;
				CLANG_WARN_RANGE_LOOP_ANALYSIS = YES;
				CLANG_WARN_STRICT_PROTOTYPES = YES;
				CLANG_WARN_SUSPICIOUS_MOVE = YES;
				CLANG_WARN_UNGUARDED_AVAILABILITY = YES_AGGRESSIVE;
				CLANG_WARN_UNREACHABLE_CODE = YES;
				CLANG_WARN__DUPLICATE_METHOD_MATCH = YES;
				COPY_PHASE_STRIP = NO;
				DEAD_CODE_STRIPPING = YES;
				DEBUG_INFORMATION_FORMAT = "dwarf-with-dsym";
				DEVELOPMENT_TEAM = 37FLDZPZT6;
				ENABLE_NS_ASSERTIONS = NO;
				ENABLE_STRICT_OBJC_MSGSEND = YES;
				ENABLE_USER_SCRIPT_SANDBOXING = YES;
				GCC_C_LANGUAGE_STANDARD = gnu17;
				GCC_NO_COMMON_BLOCKS = YES;
				GCC_WARN_64_TO_32_BIT_CONVERSION = YES;
				GCC_WARN_ABOUT_RETURN_TYPE = YES_ERROR;
				GCC_WARN_UNDECLARED_SELECTOR = YES;
				GCC_WARN_UNINITIALIZED_AUTOS = YES_AGGRESSIVE;
				GCC_WARN_UNUSED_FUNCTION = YES;
				GCC_WARN_UNUSED_VARIABLE = YES;
				LOCALIZATION_PREFERS_STRING_CATALOGS = YES;
				MTL_ENABLE_DEBUG_INFO = NO;
				MTL_FAST_MATH = YES;
				SWIFT_COMPILATION_MODE = wholemodule;
			};
			name = Release;
		};
		E6E668332E45844B00FC8300 /* Debug */ = {
			isa = XCBuildConfiguration;
			buildSettings = {
				ASSETCATALOG_COMPILER_APPICON_NAME = AppIcon;
				ASSETCATALOG_COMPILER_GLOBAL_ACCENT_COLOR_NAME = AccentColor;
				CODE_SIGN_ENTITLEMENTS = HelgeCloudflare/HelgeCloudflare.entitlements;
				CODE_SIGN_STYLE = Automatic;
				CURRENT_PROJECT_VERSION = 1;
				DEAD_CODE_STRIPPING = YES;
				DEVELOPMENT_TEAM = VY9FRH555S;
				ENABLE_HARDENED_RUNTIME = YES;
				ENABLE_PREVIEWS = YES;
				GENERATE_INFOPLIST_FILE = YES;
				INFOPLIST_KEY_NSCameraUsageDescription = "HelgeCloudflare would like to use your camera to record livestream video";
				INFOPLIST_KEY_NSMicrophoneUsageDescription = "HelgeCloudflare would like to use your microphone to record livestream video";
				"INFOPLIST_KEY_UIApplicationSceneManifest_Generation[sdk=iphoneos*]" = YES;
				"INFOPLIST_KEY_UIApplicationSceneManifest_Generation[sdk=iphonesimulator*]" = YES;
				"INFOPLIST_KEY_UIApplicationSupportsIndirectInputEvents[sdk=iphoneos*]" = YES;
				"INFOPLIST_KEY_UIApplicationSupportsIndirectInputEvents[sdk=iphonesimulator*]" = YES;
				"INFOPLIST_KEY_UILaunchScreen_Generation[sdk=iphoneos*]" = YES;
				"INFOPLIST_KEY_UILaunchScreen_Generation[sdk=iphonesimulator*]" = YES;
				"INFOPLIST_KEY_UIStatusBarStyle[sdk=iphoneos*]" = UIStatusBarStyleDefault;
				"INFOPLIST_KEY_UIStatusBarStyle[sdk=iphonesimulator*]" = UIStatusBarStyleDefault;
				INFOPLIST_KEY_UISupportedInterfaceOrientations_iPad = "UIInterfaceOrientationPortrait UIInterfaceOrientationPortraitUpsideDown UIInterfaceOrientationLandscapeLeft UIInterfaceOrientationLandscapeRight";
				INFOPLIST_KEY_UISupportedInterfaceOrientations_iPhone = "UIInterfaceOrientationPortrait UIInterfaceOrientationLandscapeLeft UIInterfaceOrientationLandscapeRight";
				IPHONEOS_DEPLOYMENT_TARGET = 18.4;
				LD_RUNPATH_SEARCH_PATHS = "@executable_path/Frameworks";
				"LD_RUNPATH_SEARCH_PATHS[sdk=macosx*]" = "@executable_path/../Frameworks";
				MACOSX_DEPLOYMENT_TARGET = 15.4;
				MARKETING_VERSION = 1.0;
				PRODUCT_BUNDLE_IDENTIFIER = com.ryan.helgecloudflare;
				PRODUCT_NAME = "$(TARGET_NAME)";
				REGISTER_APP_GROUPS = YES;
				SDKROOT = auto;
				SUPPORTED_PLATFORMS = "iphoneos iphonesimulator";
				SUPPORTS_MACCATALYST = NO;
				SWIFT_EMIT_LOC_STRINGS = YES;
				SWIFT_VERSION = 5.0;
				TARGETED_DEVICE_FAMILY = "1,2";
				XROS_DEPLOYMENT_TARGET = 2.4;
			};
			name = Debug;
		};
		E6E668342E45844B00FC8300 /* Release */ = {
			isa = XCBuildConfiguration;
			buildSettings = {
				ASSETCATALOG_COMPILER_APPICON_NAME = AppIcon;
				ASSETCATALOG_COMPILER_GLOBAL_ACCENT_COLOR_NAME = AccentColor;
				CODE_SIGN_ENTITLEMENTS = HelgeCloudflare/HelgeCloudflare.entitlements;
				CODE_SIGN_STYLE = Automatic;
				CURRENT_PROJECT_VERSION = 1;
				DEAD_CODE_STRIPPING = YES;
				DEVELOPMENT_TEAM = VY9FRH555S;
				ENABLE_HARDENED_RUNTIME = YES;
				ENABLE_PREVIEWS = YES;
				GENERATE_INFOPLIST_FILE = YES;
				INFOPLIST_KEY_NSCameraUsageDescription = "HelgeCloudflare would like to use your camera to record livestream video";
				INFOPLIST_KEY_NSMicrophoneUsageDescription = "HelgeCloudflare would like to use your microphone to record livestream video";
				"INFOPLIST_KEY_UIApplicationSceneManifest_Generation[sdk=iphoneos*]" = YES;
				"INFOPLIST_KEY_UIApplicationSceneManifest_Generation[sdk=iphonesimulator*]" = YES;
				"INFOPLIST_KEY_UIApplicationSupportsIndirectInputEvents[sdk=iphoneos*]" = YES;
				"INFOPLIST_KEY_UIApplicationSupportsIndirectInputEvents[sdk=iphonesimulator*]" = YES;
				"INFOPLIST_KEY_UILaunchScreen_Generation[sdk=iphoneos*]" = YES;
				"INFOPLIST_KEY_UILaunchScreen_Generation[sdk=iphonesimulator*]" = YES;
				"INFOPLIST_KEY_UIStatusBarStyle[sdk=iphoneos*]" = UIStatusBarStyleDefault;
				"INFOPLIST_KEY_UIStatusBarStyle[sdk=iphonesimulator*]" = UIStatusBarStyleDefault;
				INFOPLIST_KEY_UISupportedInterfaceOrientations_iPad = "UIInterfaceOrientationPortrait UIInterfaceOrientationPortraitUpsideDown UIInterfaceOrientationLandscapeLeft UIInterfaceOrientationLandscapeRight";
				INFOPLIST_KEY_UISupportedInterfaceOrientations_iPhone = "UIInterfaceOrientationPortrait UIInterfaceOrientationLandscapeLeft UIInterfaceOrientationLandscapeRight";
				IPHONEOS_DEPLOYMENT_TARGET = 18.4;
				LD_RUNPATH_SEARCH_PATHS = "@executable_path/Frameworks";
				"LD_RUNPATH_SEARCH_PATHS[sdk=macosx*]" = "@executable_path/../Frameworks";
				MACOSX_DEPLOYMENT_TARGET = 15.4;
				MARKETING_VERSION = 1.0;
				PRODUCT_BUNDLE_IDENTIFIER = com.ryan.helgecloudflare;
				PRODUCT_NAME = "$(TARGET_NAME)";
				REGISTER_APP_GROUPS = YES;
				SDKROOT = auto;
				SUPPORTED_PLATFORMS = "iphoneos iphonesimulator";
				SUPPORTS_MACCATALYST = NO;
				SWIFT_EMIT_LOC_STRINGS = YES;
				SWIFT_VERSION = 5.0;
				TARGETED_DEVICE_FAMILY = "1,2";
				XROS_DEPLOYMENT_TARGET = 2.4;
			};
			name = Release;
		};
/* End XCBuildConfiguration section */

/* Begin XCConfigurationList section */
		E63017F52E83098600893AEC /* Build configuration list for PBXNativeTarget "Screencast" */ = {
			isa = XCConfigurationList;
			buildConfigurations = (
				E63017F62E83098600893AEC /* Debug */,
				E63017F72E83098600893AEC /* Release */,
			);
			defaultConfigurationIsVisible = 0;
			defaultConfigurationName = Release;
		};
		E6E668212E45844A00FC8300 /* Build configuration list for PBXProject "HelgeCloudflare" */ = {
			isa = XCConfigurationList;
			buildConfigurations = (
				E6E668302E45844B00FC8300 /* Debug */,
				E6E668312E45844B00FC8300 /* Release */,
			);
			defaultConfigurationIsVisible = 0;
			defaultConfigurationName = Release;
		};
		E6E668322E45844B00FC8300 /* Build configuration list for PBXNativeTarget "HelgeCloudflare" */ = {
			isa = XCConfigurationList;
			buildConfigurations = (
				E6E668332E45844B00FC8300 /* Debug */,
				E6E668342E45844B00FC8300 /* Release */,
			);
			defaultConfigurationIsVisible = 0;
			defaultConfigurationName = Release;
		};
/* End XCConfigurationList section */

/* Begin XCRemoteSwiftPackageReference section */
		E630178B2E81DAFE00893AEC /* XCRemoteSwiftPackageReference "HaishinKit.swift" */ = {
			isa = XCRemoteSwiftPackageReference;
			repositoryURL = "https://github.com/HaishinKit/HaishinKit.swift.git";
			requirement = {
				kind = exactVersion;
				version = 2.1.2;
			};
		};
/* End XCRemoteSwiftPackageReference section */

/* Begin XCSwiftPackageProductDependency section */
		E630178C2E81DAFE00893AEC /* HaishinKit */ = {
			isa = XCSwiftPackageProductDependency;
			package = E630178B2E81DAFE00893AEC /* XCRemoteSwiftPackageReference "HaishinKit.swift" */;
			productName = HaishinKit;
		};
		E630178E2E81DAFE00893AEC /* MoQTHaishinKit */ = {
			isa = XCSwiftPackageProductDependency;
			package = E630178B2E81DAFE00893AEC /* XCRemoteSwiftPackageReference "HaishinKit.swift" */;
			productName = MoQTHaishinKit;
		};
		E63017902E81DAFE00893AEC /* RTCHaishinKit */ = {
			isa = XCSwiftPackageProductDependency;
			package = E630178B2E81DAFE00893AEC /* XCRemoteSwiftPackageReference "HaishinKit.swift" */;
			productName = RTCHaishinKit;
		};
		E63017922E81DAFE00893AEC /* RTMPHaishinKit */ = {
			isa = XCSwiftPackageProductDependency;
			package = E630178B2E81DAFE00893AEC /* XCRemoteSwiftPackageReference "HaishinKit.swift" */;
			productName = RTMPHaishinKit;
		};
		E63017942E81DAFE00893AEC /* SRTHaishinKit */ = {
			isa = XCSwiftPackageProductDependency;
			package = E630178B2E81DAFE00893AEC /* XCRemoteSwiftPackageReference "HaishinKit.swift" */;
			productName = SRTHaishinKit;
		};
/* End XCSwiftPackageProductDependency section */
	};
	rootObject = E6E6681E2E45844A00FC8300 /* Project object */;
}
